<?xml version="1.0" encoding="utf-8"?>
<Project ToolsVersion="4.0" xmlns="http://schemas.microsoft.com/developer/msbuild/2003">
  <ItemGroup>
    <Filter Include="소스 파일">
      <UniqueIdentifier>{4FC737F1-C7A5-4376-A066-2A32D752A2FF}</UniqueIdentifier>
      <Extensions>cpp;c;cc;cxx;c++;cppm;ixx;def;odl;idl;hpj;bat;asm;asmx</Extensions>
    </Filter>
    <Filter Include="헤더 파일">
      <UniqueIdentifier>{93995380-89BD-4b04-88EB-625FBE52EBFB}</UniqueIdentifier>
      <Extensions>h;hh;hpp;hxx;h++;hm;inl;inc;ipp;xsd</Extensions>
    </Filter>
    <Filter Include="리소스 파일">
      <UniqueIdentifier>{67DA6AB6-F800-4c08-8B7A-83BB121AAD01}</UniqueIdentifier>
      <Extensions>rc;ico;cur;bmp;dlg;rc2;rct;bin;rgs;gif;jpg;jpeg;jpe;resx;tiff;tif;png;wav;mfcribbon-ms</Extensions>
    </Filter>
    <Filter Include="GameObjectBase">
      <UniqueIdentifier>{10a0ca29-d7d1-4fa7-b4d1-7bd7f3a5f2d1}</UniqueIdentifier>
    </Filter>
    <Filter Include="GameObjectBase\GLTFModelObject">
      <UniqueIdentifier>{cba2fbaf-e005-4ae3-afc5-f72eaf81034b}</UniqueIdentifier>
    </Filter>
    <Filter Include="GameObjectBase\GLTFSkinModelObject">
      <UniqueIdentifier>{6a8917a1-1cd7-4ac7-a7a5-5aea8da1f377}</UniqueIdentifier>
    </Filter>
    <Filter Include="GameObjectBase\OBJModelObject">
      <UniqueIdentifier>{8bc615de-f7e0-4a13-81de-507fad9bedcb}</UniqueIdentifier>
    </Filter>
    <Filter Include="소스 파일\Shader">
      <UniqueIdentifier>{49041d60-2bc3-4257-875e-f617b8e397f8}</UniqueIdentifier>
    </Filter>
    <Filter Include="NetworkManager">
      <UniqueIdentifier>{6249942e-c6eb-4e83-bea6-abf5617ee0fb}</UniqueIdentifier>
    </Filter>
    <Filter Include="GameObjectBase\GLTFSkinModelObject\PlayerObject">
      <UniqueIdentifier>{88c3c3cc-0a89-428e-bb44-e38f6d3e0c07}</UniqueIdentifier>
    </Filter>
    <Filter Include="GameObjectBase\GLTFSkinModelObject\MonsterObject">
      <UniqueIdentifier>{751bad93-cb8e-4d3a-ab03-e6e5e94ffd55}</UniqueIdentifier>
    </Filter>
    <Filter Include="GameObjectBase\GLTFSkinModelObject\PlayerObject\WarriorObject">
      <UniqueIdentifier>{70f98b72-839b-41aa-950b-8eb73329cf6b}</UniqueIdentifier>
    </Filter>
    <Filter Include="GameObjectBase\GLTFSkinModelObject\PlayerObject\MageObject">
      <UniqueIdentifier>{1da9819d-791f-45af-8c97-a896d65118d9}</UniqueIdentifier>
    </Filter>
    <Filter Include="GameObjectBase\GLTFSkinModelObject\PlayerObject\HealerObject">
      <UniqueIdentifier>{4a30c5a8-9dae-4ae0-8ba4-29053c4014ac}</UniqueIdentifier>
    </Filter>
    <Filter Include="GameObjectBase\GLTFModelObject\ArrowObject">
      <UniqueIdentifier>{1c75c3fa-1f75-4309-a69f-ce5fabd654de}</UniqueIdentifier>
    </Filter>
    <Filter Include="GameObjectBase\GLTFSkinModelObject\BossObject">
      <UniqueIdentifier>{55f64b66-7db0-4081-8d22-a83fed17d865}</UniqueIdentifier>
    </Filter>
    <Filter Include="GameObjectBase\GLTFSkinModelObject\PlayerObject\ArcherObject">
      <UniqueIdentifier>{0e7f9c92-510d-4cd1-b5ed-016c342fa202}</UniqueIdentifier>
    </Filter>
  </ItemGroup>
  <ItemGroup>
    <ClCompile Include="Camera.cpp">
      <Filter>소스 파일</Filter>
    </ClCompile>
    <ClCompile Include="GameFramework.cpp">
      <Filter>소스 파일</Filter>
    </ClCompile>
    <ClCompile Include="main.cpp">
      <Filter>소스 파일</Filter>
    </ClCompile>
    <ClCompile Include="Scene.cpp">
      <Filter>소스 파일</Filter>
    </ClCompile>
    <ClCompile Include="Timer.cpp">
      <Filter>소스 파일</Filter>
    </ClCompile>
    <ClCompile Include="VulkanFramework.cpp">
      <Filter>소스 파일</Filter>
    </ClCompile>
    <ClCompile Include="VulkanGLTFModel.cpp">
      <Filter>소스 파일</Filter>
    </ClCompile>
    <ClCompile Include="VulkanGLTFSkinModel.cpp">
      <Filter>소스 파일</Filter>
    </ClCompile>
    <ClCompile Include="GameObjectBase.cpp">
      <Filter>GameObjectBase</Filter>
    </ClCompile>
    <ClCompile Include="OBJModelObject.cpp">
      <Filter>GameObjectBase\OBJModelObject</Filter>
    </ClCompile>
    <ClCompile Include="PlayerObject.cpp">
      <Filter>GameObjectBase\GLTFSkinModelObject\PlayerObject</Filter>
    </ClCompile>
    <ClCompile Include="GLTFModelObject.cpp">
      <Filter>GameObjectBase\GLTFModelObject</Filter>
    </ClCompile>
    <ClCompile Include="GLTFSkinModelObject.cpp">
      <Filter>GameObjectBase\GLTFSkinModelObject</Filter>
    </ClCompile>
    <ClCompile Include="NetworkManager.cpp">
      <Filter>NetworkManager</Filter>
    </ClCompile>
    <ClCompile Include="MonsterObject.cpp">
      <Filter>GameObjectBase\GLTFSkinModelObject\MonsterObject</Filter>
    </ClCompile>
    <ClCompile Include="BoundingBox.cpp">
      <Filter>소스 파일</Filter>
    </ClCompile>
    <ClCompile Include="WarriorObject.cpp">
      <Filter>GameObjectBase\GLTFSkinModelObject\PlayerObject\WarriorObject</Filter>
    </ClCompile>
    <ClCompile Include="ArcherObject.cpp">
      <Filter>GameObjectBase\GLTFSkinModelObject\PlayerObject\ArcherObject</Filter>
    </ClCompile>
    <ClCompile Include="MageObject.cpp">
      <Filter>GameObjectBase\GLTFSkinModelObject\PlayerObject\MageObject</Filter>
    </ClCompile>
    <ClCompile Include="HealerObject.cpp">
      <Filter>GameObjectBase\GLTFSkinModelObject\PlayerObject\HealerObject</Filter>
    </ClCompile>
    <ClCompile Include="ArrowObject.cpp">
      <Filter>GameObjectBase\GLTFModelObject\ArrowObject</Filter>
    </ClCompile>
    <ClCompile Include="BossObject.cpp">
      <Filter>GameObjectBase\GLTFSkinModelObject\BossObject</Filter>
    </ClCompile>
  </ItemGroup>
  <ItemGroup>
    <ClInclude Include="GameObjectBase.h">
      <Filter>GameObjectBase</Filter>
    </ClInclude>
    <ClInclude Include="OBJModelObject.h">
      <Filter>GameObjectBase\OBJModelObject</Filter>
    </ClInclude>
    <ClInclude Include="PlayerObject.h">
      <Filter>GameObjectBase\GLTFSkinModelObject\PlayerObject</Filter>
    </ClInclude>
    <ClInclude Include="GLTFModelObject.h">
      <Filter>GameObjectBase\GLTFModelObject</Filter>
    </ClInclude>
    <ClInclude Include="GLTFSkinModelObject.h">
      <Filter>GameObjectBase\GLTFSkinModelObject</Filter>
    </ClInclude>
    <ClInclude Include="Camera.h">
      <Filter>헤더 파일</Filter>
    </ClInclude>
    <ClInclude Include="GameFramework.h">
      <Filter>헤더 파일</Filter>
    </ClInclude>
    <ClInclude Include="Scene.h">
      <Filter>헤더 파일</Filter>
    </ClInclude>
    <ClInclude Include="Timer.h">
      <Filter>헤더 파일</Filter>
    </ClInclude>
    <ClInclude Include="VulkanFramework.h">
      <Filter>헤더 파일</Filter>
    </ClInclude>
    <ClInclude Include="VulkanGLTFModel.h">
      <Filter>헤더 파일</Filter>
    </ClInclude>
    <ClInclude Include="VulkanGLTFSkinModel.h">
      <Filter>헤더 파일</Filter>
    </ClInclude>
    <ClInclude Include="NetworkManager.h">
      <Filter>NetworkManager</Filter>
    </ClInclude>
    <ClInclude Include="MonsterObject.h">
      <Filter>GameObjectBase\GLTFSkinModelObject\MonsterObject</Filter>
    </ClInclude>
    <ClInclude Include="BoundingBox.h">
      <Filter>헤더 파일</Filter>
    </ClInclude>
    <ClInclude Include="WarriorObject.h">
      <Filter>GameObjectBase\GLTFSkinModelObject\PlayerObject\WarriorObject</Filter>
    </ClInclude>
    <ClInclude Include="ArcherObject.h">
      <Filter>GameObjectBase\GLTFSkinModelObject\PlayerObject\ArcherObject</Filter>
    </ClInclude>
    <ClInclude Include="MageObject.h">
      <Filter>GameObjectBase\GLTFSkinModelObject\PlayerObject\MageObject</Filter>
    </ClInclude>
    <ClInclude Include="HealerObject.h">
      <Filter>GameObjectBase\GLTFSkinModelObject\PlayerObject\HealerObject</Filter>
    </ClInclude>
    <ClInclude Include="ArrowObject.h">
      <Filter>GameObjectBase\GLTFModelObject\ArrowObject</Filter>
    </ClInclude>
    <ClInclude Include="BossObject.h">
      <Filter>GameObjectBase\GLTFSkinModelObject\BossObject</Filter>
    </ClInclude>
  </ItemGroup>
  <ItemGroup>
    <None Include="shaders\skinnedmodel.vert">
      <Filter>소스 파일\Shader</Filter>
    </None>
    <None Include="shaders\fragment.frag">
      <Filter>소스 파일\Shader</Filter>
    </None>
    <None Include="shaders\model.vert">
      <Filter>소스 파일\Shader</Filter>
    </None>
    <None Include="shaders\boundingbox.frag">
      <Filter>소스 파일\Shader</Filter>
    </None>
    <None Include="shaders\boundingbox.vert">
      <Filter>소스 파일\Shader</Filter>
    </None>
    <None Include="shaders\cloud.vert">
      <Filter>소스 파일\Shader</Filter>
    </None>
    <None Include="shaders\cloud.frag">
      <Filter>소스 파일\Shader</Filter>
    </None>
    <None Include="shaders\warriorskill.vert">
      <Filter>소스 파일\Shader</Filter>
    </None>
    <None Include="shaders\warriorskill.frag">
      <Filter>소스 파일\Shader</Filter>
    </None>
    <None Include="shaders\mageskill.vert">
      <Filter>소스 파일\Shader</Filter>
    </None>
    <None Include="shaders\mageskill.frag">
      <Filter>소스 파일\Shader</Filter>
    </None>
    <None Include="shaders\mageattack.vert">
      <Filter>소스 파일\Shader</Filter>
    </None>
    <None Include="shaders\mageattack.frag">
      <Filter>소스 파일\Shader</Filter>
    </None>
    <None Include="shaders\arroweffect.frag">
      <Filter>소스 파일\Shader</Filter>
    </None>
    <None Include="shaders\arroweffect.vert">
      <Filter>소스 파일\Shader</Filter>
    </None>
    <None Include="shaders\archerskill.vert">
      <Filter>소스 파일\Shader</Filter>
    </None>
    <None Include="shaders\archerskill.frag">
      <Filter>소스 파일\Shader</Filter>
    </None>
    <None Include="shaders\healerskill.frag">
      <Filter>소스 파일\Shader</Filter>
    </None>
    <None Include="shaders\healerskill.vert">
      <Filter>소스 파일\Shader</Filter>
    </None>
    <None Include="shaders\hpbar.vert">
      <Filter>소스 파일\Shader</Filter>
    </None>
    <None Include="shaders\hpbar.frag">
      <Filter>소스 파일\Shader</Filter>
    </None>
    <None Include="shaders\bosshpbar.vert">
      <Filter>소스 파일\Shader</Filter>
    </None>
    <None Include="shaders\bossskill.frag">
      <Filter>소스 파일\Shader</Filter>
    </None>
    <None Include="shaders\bossskill.vert">
      <Filter>소스 파일\Shader</Filter>
    </None>
  </ItemGroup>
</Project>