<?xml version="1.0" encoding="utf-8"?>
<Project ToolsVersion="4.0" xmlns="http://schemas.microsoft.com/developer/msbuild/2003">
  <ItemGroup>
    <Filter Include="소스 파일">
      <UniqueIdentifier>{4FC737F1-C7A5-4376-A066-2A32D752A2FF}</UniqueIdentifier>
      <Extensions>cpp;c;cc;cxx;c++;cppm;ixx;def;odl;idl;hpj;bat;asm;asmx</Extensions>
    </Filter>
    <Filter Include="헤더 파일">
      <UniqueIdentifier>{93995380-89BD-4b04-88EB-625FBE52EBFB}</UniqueIdentifier>
      <Extensions>h;hh;hpp;hxx;h++;hm;inl;inc;ipp;xsd</Extensions>
    </Filter>
    <Filter Include="리소스 파일">
      <UniqueIdentifier>{67DA6AB6-F800-4c08-8B7A-83BB121AAD01}</UniqueIdentifier>
      <Extensions>rc;ico;cur;bmp;dlg;rc2;rct;bin;rgs;gif;jpg;jpeg;jpe;resx;tiff;tif;png;wav;mfcribbon-ms</Extensions>
    </Filter>
    <Filter Include="소스 파일\Shader">
      <UniqueIdentifier>{74cb6db5-28c6-4731-9a97-240be7f88206}</UniqueIdentifier>
    </Filter>
    <Filter Include="GameObjectBase">
      <UniqueIdentifier>{6afbb990-d893-419d-af68-5176756e5ee2}</UniqueIdentifier>
    </Filter>
    <Filter Include="GameObjectBase\GLTFModelObject">
      <UniqueIdentifier>{c2e7ee5e-4edd-4593-a4cd-efd76d217090}</UniqueIdentifier>
    </Filter>
    <Filter Include="GameObjectBase\GLTFSkinModelObject">
      <UniqueIdentifier>{d5985feb-c26b-4246-9ae1-22b0a4966c26}</UniqueIdentifier>
    </Filter>
    <Filter Include="GameObjectBase\OBJModelObject">
      <UniqueIdentifier>{ffbe2194-c5a4-400f-a431-f2fb1f2083b5}</UniqueIdentifier>
    </Filter>
    <Filter Include="GameObjectBase\OBJModelObject\PlayerObject">
      <UniqueIdentifier>{e3098992-2f0e-4ad0-8e50-f27536b94881}</UniqueIdentifier>
    </Filter>
  </ItemGroup>
  <ItemGroup>
    <ClCompile Include="Camera.cpp">
      <Filter>소스 파일</Filter>
    </ClCompile>
    <ClCompile Include="GameFramework.cpp">
      <Filter>소스 파일</Filter>
    </ClCompile>
    <ClCompile Include="main.cpp">
      <Filter>소스 파일</Filter>
    </ClCompile>
    <ClCompile Include="Scene.cpp">
      <Filter>소스 파일</Filter>
    </ClCompile>
    <ClCompile Include="Timer.cpp">
      <Filter>소스 파일</Filter>
    </ClCompile>
    <ClCompile Include="VulkanFramework.cpp">
      <Filter>소스 파일</Filter>
    </ClCompile>
    <ClCompile Include="VulkanGLTFModel.cpp">
      <Filter>소스 파일</Filter>
    </ClCompile>
    <ClCompile Include="VulkanGLTFSkinModel.cpp">
      <Filter>소스 파일</Filter>
    </ClCompile>
    <ClCompile Include="GameObjectBase.cpp">
      <Filter>GameObjectBase</Filter>
    </ClCompile>
    <ClCompile Include="OBJModelObject.cpp">
      <Filter>GameObjectBase\OBJModelObject</Filter>
    </ClCompile>
    <ClCompile Include="PlayerObject.cpp">
      <Filter>GameObjectBase\OBJModelObject\PlayerObject</Filter>
    </ClCompile>
    <ClCompile Include="GLTFModelObject.cpp">
      <Filter>GameObjectBase\GLTFModelObject</Filter>
    </ClCompile>
    <ClCompile Include="GLTFSkinModelObject.cpp">
      <Filter>GameObjectBase\GLTFSkinModelObject</Filter>
    </ClCompile>
  </ItemGroup>
  <ItemGroup>
    <ClInclude Include="GameObjectBase.h">
      <Filter>GameObjectBase</Filter>
    </ClInclude>
    <ClInclude Include="OBJModelObject.h">
      <Filter>GameObjectBase\OBJModelObject</Filter>
    </ClInclude>
    <ClInclude Include="PlayerObject.h">
      <Filter>GameObjectBase\OBJModelObject\PlayerObject</Filter>
    </ClInclude>
    <ClInclude Include="GLTFModelObject.h">
      <Filter>GameObjectBase\GLTFModelObject</Filter>
    </ClInclude>
    <ClInclude Include="GLTFSkinModelObject.h">
      <Filter>GameObjectBase\GLTFSkinModelObject</Filter>
    </ClInclude>
    <ClInclude Include="Camera.h">
      <Filter>헤더 파일</Filter>
    </ClInclude>
    <ClInclude Include="GameFramework.h">
      <Filter>헤더 파일</Filter>
    </ClInclude>
    <ClInclude Include="Scene.h">
      <Filter>헤더 파일</Filter>
    </ClInclude>
    <ClInclude Include="Timer.h">
      <Filter>헤더 파일</Filter>
    </ClInclude>
    <ClInclude Include="VulkanFramework.h">
      <Filter>헤더 파일</Filter>
    </ClInclude>
    <ClInclude Include="VulkanGLTFModel.h">
      <Filter>헤더 파일</Filter>
    </ClInclude>
    <ClInclude Include="VulkanGLTFSkinModel.h">
      <Filter>헤더 파일</Filter>
    </ClInclude>
  </ItemGroup>
  <ItemGroup>
    <None Include="shaders\skinnedmodel.vert">
      <Filter>소스 파일\Shader</Filter>
    </None>
    <None Include="shaders\model.vert">
      <Filter>소스 파일\Shader</Filter>
    </None>
    <None Include="shaders\fragment.frag">
      <Filter>소스 파일\Shader</Filter>
    </None>
  </ItemGroup>
</Project>